
Microsoft Visual Studio Solution File, Format Version 12.00
# Visual Studio 14
VisualStudioVersion = 14.0.25420.1
MinimumVisualStudioVersion = 10.0.40219.1
Project("{D2ABAB84-BF74-430A-B69E-9DC6D40DDA17}") = "ModeleAnalizyDanych", "ModeleAnalizyDanych\ModeleAnalizyDanych.dwproj", "{165B9F13-662D-4DC1-9B32-6668DC33B40A}"
EndProject
Global
	GlobalSection(SolutionConfigurationPlatforms) = preSolution
		Development|Default = Development|Default
	EndGlobalSection
	GlobalSection(ProjectConfigurationPlatforms) = postSolution
		{165B9F13-662D-4DC1-9B32-6668DC33B40A}.Development|Default.ActiveCfg = Development
		{165B9F13-662D-4DC1-9B32-6668DC33B40A}.Development|Default.Build.0 = Development
		{165B9F13-662D-4DC1-9B32-6668DC33B40A}.Development|Default.Deploy.0 = Development
	EndGlobalSection
	GlobalSection(SolutionProperties) = preSolution
		HideSolutionNode = FALSE
	EndGlobalSection
EndGlobal
